
Microsoft Visual Studio Solution File, Format Version 12.00
# Visual Studio Version 17
VisualStudioVersion = 17.6.33815.320
MinimumVisualStudioVersion = 10.0.40219.1
Project("{FAE04EC0-301F-11D3-BF4B-00C04F79EFBC}") = "hw8", "hw8\hw8.csproj", "{2DEEE479-8210-493D-86D1-31412258EBDC}"
EndProject
Global
	GlobalSection(SolutionConfigurationPlatforms) = preSolution
		Debug|Any CPU = Debug|Any CPU
		Release|Any CPU = Release|Any CPU
	EndGlobalSection
	GlobalSection(ProjectConfigurationPlatforms) = postSolution
		{2DEEE479-8210-493D-86D1-31412258EBDC}.Debug|Any CPU.ActiveCfg = Debug|Any CPU
		{2DEEE479-8210-493D-86D1-31412258EBDC}.Debug|Any CPU.Build.0 = Debug|Any CPU
		{2DEEE479-8210-493D-86D1-31412258EBDC}.Release|Any CPU.ActiveCfg = Release|Any CPU
		{2DEEE479-8210-493D-86D1-31412258EBDC}.Release|Any CPU.Build.0 = Release|Any CPU
	EndGlobalSection
	GlobalSection(SolutionProperties) = preSolution
		HideSolutionNode = FALSE
	EndGlobalSection
	GlobalSection(ExtensibilityGlobals) = postSolution
		SolutionGuid = {7C07CAFF-3FB9-4326-A039-37EEF00993BC}
	EndGlobalSection
EndGlobal
